<Solution>
  <Folder Name="/src/">
    <Project Path="src/SwiftBets.Gateway.Api/SwiftBets.Gateway.Api.csproj" />
    <Project Path="src/SwiftBets.Gateway.Application/SwiftBets.Gateway.Application.csproj" />
    <Project Path="src/SwiftBets.Gateway.Domain/SwiftBets.Gateway.Domain.csproj" />
    <Project Path="src/SwiftBets.Gateway.Infrastructure/SwiftBets.Gateway.Infrastructure.csproj" />
  </Folder>
  <Folder Name="/tests/">
    <Project Path="tests/SwiftBets.Gateway.Api.Tests/SwiftBets.Gateway.Api.Tests.csproj" />
    <Project Path="tests/SwiftBets.Gateway.Application.Tests/SwiftBets.Gateway.Application.Tests.csproj" />
    <Project Path="tests/SwiftBets.Gateway.ArchitectureTests/SwiftBets.Gateway.ArchitectureTests.csproj" />
    <Project Path="tests/SwiftBets.Gateway.Infrastructure.Tests/SwiftBets.Gateway.Infrastructure.Tests.csproj" />
    <Project Path="tests/SwiftBets.Gateway.TestDoubles/SwiftBets.Gateway.TestDoubles.csproj" />
  </Folder>
</Solution>
